
Microsoft Visual Studio Solution File, Format Version 12.00
# Visual Studio Version 17
VisualStudioVersion = 17.3.32929.385
MinimumVisualStudioVersion = 10.0.40219.1
Project("{FAE04EC0-301F-11D3-BF4B-00C04F79EFBC}") = "la-mia-pizzeria-static", "la-mia-pizzeria-static.csproj", "{A401BDAB-52D1-4774-8FF7-C92147C67844}"
EndProject
Global
	GlobalSection(SolutionConfigurationPlatforms) = preSolution
		Debug|Any CPU = Debug|Any CPU
		Release|Any CPU = Release|Any CPU
	EndGlobalSection
	GlobalSection(ProjectConfigurationPlatforms) = postSolution
		{A401BDAB-52D1-4774-8FF7-C92147C67844}.Debug|Any CPU.ActiveCfg = Debug|Any CPU
		{A401BDAB-52D1-4774-8FF7-C92147C67844}.Debug|Any CPU.Build.0 = Debug|Any CPU
		{A401BDAB-52D1-4774-8FF7-C92147C67844}.Release|Any CPU.ActiveCfg = Release|Any CPU
		{A401BDAB-52D1-4774-8FF7-C92147C67844}.Release|Any CPU.Build.0 = Release|Any CPU
	EndGlobalSection
	GlobalSection(SolutionProperties) = preSolution
		HideSolutionNode = FALSE
	EndGlobalSection
	GlobalSection(ExtensibilityGlobals) = postSolution
		SolutionGuid = {B1B4F205-FA07-4BE2-91ED-DDF3FC6DCAB5}
	EndGlobalSection
EndGlobal
